
Microsoft Visual Studio Solution File, Format Version 12.00
# Visual Studio Version 16
VisualStudioVersion = 16.0.29102.190
MinimumVisualStudioVersion = 10.0.40219.1
Project("{FAE04EC0-301F-11D3-BF4B-00C04F79EFBC}") = "Fibonacci", "Fibonacci\Fibonacci.csproj", "{CDBB28BD-1229-4C86-B1A5-5F86A89B0911}"
EndProject
Global
	GlobalSection(SolutionConfigurationPlatforms) = preSolution
		Debug|Any CPU = Debug|Any CPU
		Release|Any CPU = Release|Any CPU
	EndGlobalSection
	GlobalSection(ProjectConfigurationPlatforms) = postSolution
		{CDBB28BD-1229-4C86-B1A5-5F86A89B0911}.Debug|Any CPU.ActiveCfg = Debug|Any CPU
		{CDBB28BD-1229-4C86-B1A5-5F86A89B0911}.Debug|Any CPU.Build.0 = Debug|Any CPU
		{CDBB28BD-1229-4C86-B1A5-5F86A89B0911}.Release|Any CPU.ActiveCfg = Release|Any CPU
		{CDBB28BD-1229-4C86-B1A5-5F86A89B0911}.Release|Any CPU.Build.0 = Release|Any CPU
	EndGlobalSection
	GlobalSection(SolutionProperties) = preSolution
		HideSolutionNode = FALSE
	EndGlobalSection
	GlobalSection(ExtensibilityGlobals) = postSolution
		SolutionGuid = {030779EA-8AFF-4AFD-ABA6-5D30B4D718D2}
	EndGlobalSection
EndGlobal
